{
  "nodes": {
    "nixpkgs": {
      "locked": {
        "lastModified": 1770516393,
        "narHash": "sha256-S1T15d2xPkiQ0oAAWSaHsUITEIa1dIHmJC3s2DJMes0=",
        "owner": "NixOS",
        "repo": "nixpkgs",
        "rev": "4f5948dc0428368d2e50ecc048a6542616ed9eb2",
        "type": "github"
      },
      "original": {
        "owner": "NixOS",
        "ref": "master",
        "repo": "nixpkgs",
        "type": "github"
      }
    },
    "root": {
      "inputs": {
        "nixpkgs": "nixpkgs"
      }
    }
  },
  "root": "root",
  "version": 7
}
