{
  "nodes": {
    "nixpkgs": {
      "locked": {
        "lastModified": 1770505507,
        "narHash": "sha256-44zHC/1ltL8TmlO3WnzwdwGbU53ElylnFODEcFbPLbk=",
        "owner": "NixOS",
        "repo": "nixpkgs",
        "rev": "aa993fd403e43f312ad60cc7135e8015a7ba10e3",
        "type": "github"
      },
      "original": {
        "owner": "NixOS",
        "ref": "master",
        "repo": "nixpkgs",
        "type": "github"
      }
    },
    "root": {
      "inputs": {
        "nixpkgs": "nixpkgs"
      }
    }
  },
  "root": "root",
  "version": 7
}
